schema: '2.0'
stages:
  train:
    cmd: python train.py
    deps:
    - path: data/iris.csv
      hash: md5
      md5: 717820ef0af287ff346c5cabfb4c612c
      size: 5107
    - path: train.py
      hash: md5
      md5: e5d64fc73e9feae89ed0fc2a6b9dda0f
      size: 1601
    outs:
    - path: models/model.pkl
      hash: md5
      md5: 1224a0cb0c03e1f0554e71f36cf9b38d
      size: 168389
